
Microsoft Visual Studio Solution File, Format Version 12.00
# Visual Studio 2013
VisualStudioVersion = 12.0.31101.0
MinimumVisualStudioVersion = 10.0.40219.1
Project("{FAE04EC0-301F-11D3-BF4B-00C04F79EFBC}") = "006_WebFormat", "006_WebFormat\006_WebFormat.csproj", "{BCA16374-ED77-4E0B-8A6F-035B359D030B}"
EndProject
Global
	GlobalSection(SolutionConfigurationPlatforms) = preSolution
		Debug|Any CPU = Debug|Any CPU
		Release|Any CPU = Release|Any CPU
	EndGlobalSection
	GlobalSection(ProjectConfigurationPlatforms) = postSolution
		{BCA16374-ED77-4E0B-8A6F-035B359D030B}.Debug|Any CPU.ActiveCfg = Debug|Any CPU
		{BCA16374-ED77-4E0B-8A6F-035B359D030B}.Debug|Any CPU.Build.0 = Debug|Any CPU
		{BCA16374-ED77-4E0B-8A6F-035B359D030B}.Release|Any CPU.ActiveCfg = Release|Any CPU
		{BCA16374-ED77-4E0B-8A6F-035B359D030B}.Release|Any CPU.Build.0 = Release|Any CPU
	EndGlobalSection
	GlobalSection(SolutionProperties) = preSolution
		HideSolutionNode = FALSE
	EndGlobalSection
EndGlobal
